
Microsoft Visual Studio Solution File, Format Version 12.00
# Visual Studio Version 17
VisualStudioVersion = 17.8.34309.116
MinimumVisualStudioVersion = 10.0.40219.1
Project("{FAE04EC0-301F-11D3-BF4B-00C04F79EFBC}") = "TB-P2PBO", "TB-P2PBO\TB-P2PBO.csproj", "{6DB86C4E-3EA5-4441-854F-F4243BAF7E4A}"
EndProject
Global
	GlobalSection(SolutionConfigurationPlatforms) = preSolution
		Debug|Any CPU = Debug|Any CPU
		Release|Any CPU = Release|Any CPU
	EndGlobalSection
	GlobalSection(ProjectConfigurationPlatforms) = postSolution
		{6DB86C4E-3EA5-4441-854F-F4243BAF7E4A}.Debug|Any CPU.ActiveCfg = Debug|Any CPU
		{6DB86C4E-3EA5-4441-854F-F4243BAF7E4A}.Debug|Any CPU.Build.0 = Debug|Any CPU
		{6DB86C4E-3EA5-4441-854F-F4243BAF7E4A}.Release|Any CPU.ActiveCfg = Release|Any CPU
		{6DB86C4E-3EA5-4441-854F-F4243BAF7E4A}.Release|Any CPU.Build.0 = Release|Any CPU
	EndGlobalSection
	GlobalSection(SolutionProperties) = preSolution
		HideSolutionNode = FALSE
	EndGlobalSection
	GlobalSection(ExtensibilityGlobals) = postSolution
		SolutionGuid = {4C8E783D-20CC-4BC8-AB25-3203C1F4AE26}
	EndGlobalSection
EndGlobal
